// !$*UTF8*$!
{
	archiveVersion = 1;
	classes = {
	};
	objectVersion = 48;
	objects = {

/* Begin PBXBuildFile section */
		A4BD96031FE8FB32008E3112 /* AppDelegate.m in Sources */ = {isa = PBXBuildFile; fileRef = A4BD96021FE8FB32008E3112 /* AppDelegate.m */; };
		A4BD96061FE8FB32008E3112 /* ViewController.m in Sources */ = {isa = PBXBuildFile; fileRef = A4BD96051FE8FB32008E3112 /* ViewController.m */; };
		A4BD96091FE8FB32008E3112 /* Main.storyboard in Resources */ = {isa = PBXBuildFile; fileRef = A4BD96071FE8FB32008E3112 /* Main.storyboard */; };
		A4BD960B1FE8FB32008E3112 /* Assets.xcassets in Resources */ = {isa = PBXBuildFile; fileRef = A4BD960A1FE8FB32008E3112 /* Assets.xcassets */; };
		A4BD960E1FE8FB32008E3112 /* LaunchScreen.storyboard in Resources */ = {isa = PBXBuildFile; fileRef = A4BD960C1FE8FB32008E3112 /* LaunchScreen.storyboard */; };
		A4BD96111FE8FB32008E3112 /* main.m in Sources */ = {isa = PBXBuildFile; fileRef = A4BD96101FE8FB32008E3112 /* main.m */; };
		A4BD96191FE8FB96008E3112 /* Social.framework in Frameworks */ = {isa = PBXBuildFile; fileRef = A4BD96181FE8FB7C008E3112 /* Social.framework */; };
		A4BD96221FE910D9008E3112 /* CustomActivity.m in Sources */ = {isa = PBXBuildFile; fileRef = A4BD96211FE910D9008E3112 /* CustomActivity.m */; };
/* End PBXBuildFile section */

/* Begin PBXFileReference section */
		A4BD95FE1FE8FB32008E3112 /* UIActivityViewController.app */ = {isa = PBXFileReference; explicitFileType = wrapper.application; includeInIndex = 0; path = UIActivityViewController.app; sourceTree = BUILT_PRODUCTS_DIR; };
		A4BD96011FE8FB32008E3112 /* AppDelegate.h */ = {isa = PBXFileReference; lastKnownFileType = sourcecode.c.h; path = AppDelegate.h; sourceTree = "<group>"; };
		A4BD96021FE8FB32008E3112 /* AppDelegate.m */ = {isa = PBXFileReference; lastKnownFileType = sourcecode.c.objc; path = AppDelegate.m; sourceTree = "<group>"; };
		A4BD96041FE8FB32008E3112 /* ViewController.h */ = {isa = PBXFileReference; lastKnownFileType = sourcecode.c.h; path = ViewController.h; sourceTree = "<group>"; };
		A4BD96051FE8FB32008E3112 /* ViewController.m */ = {isa = PBXFileReference; lastKnownFileType = sourcecode.c.objc; path = ViewController.m; sourceTree = "<group>"; };
		A4BD96081FE8FB32008E3112 /* Base */ = {isa = PBXFileReference; lastKnownFileType = file.storyboard; name = Base; path = Base.lproj/Main.storyboard; sourceTree = "<group>"; };
		A4BD960A1FE8FB32008E3112 /* Assets.xcassets */ = {isa = PBXFileReference; lastKnownFileType = folder.assetcatalog; path = Assets.xcassets; sourceTree = "<group>"; };
		A4BD960D1FE8FB32008E3112 /* Base */ = {isa = PBXFileReference; lastKnownFileType = file.storyboard; name = Base; path = Base.lproj/LaunchScreen.storyboard; sourceTree = "<group>"; };
		A4BD960F1FE8FB32008E3112 /* Info.plist */ = {isa = PBXFileReference; lastKnownFileType = text.plist.xml; path = Info.plist; sourceTree = "<group>"; };
		A4BD96101FE8FB32008E3112 /* main.m */ = {isa = PBXFileReference; lastKnownFileType = sourcecode.c.objc; path = main.m; sourceTree = "<group>"; };
		A4BD96181FE8FB7C008E3112 /* Social.framework */ = {isa = PBXFileReference; lastKnownFileType = wrapper.framework; name = Social.framework; path = System/Library/Frameworks/Social.framework; sourceTree = SDKROOT; };
		A4BD96201FE910D9008E3112 /* CustomActivity.h */ = {isa = PBXFileReference; lastKnownFileType = sourcecode.c.h; path = CustomActivity.h; sourceTree = "<group>"; };
		A4BD96211FE910D9008E3112 /* CustomActivity.m */ = {isa = PBXFileReference; lastKnownFileType = sourcecode.c.objc; path = CustomActivity.m; sourceTree = "<group>"; };
/* End PBXFileReference section */

/* Begin PBXFrameworksBuildPhase section */
		A4BD95FB1FE8FB32008E3112 /* Frameworks */ = {
			isa = PBXFrameworksBuildPhase;
			buildActionMask = 2147483647;
			files = (
				A4BD96191FE8FB96008E3112 /* Social.framework in Frameworks */,
			);
			runOnlyForDeploymentPostprocessing = 0;
		};
/* End PBXFrameworksBuildPhase section */

/* Begin PBXGroup section */
		A4BD95F51FE8FB32008E3112 = {
			isa = PBXGroup;
			children = (
				A4BD96001FE8FB32008E3112 /* UIActivityViewController */,
				A4BD95FF1FE8FB32008E3112 /* Products */,
				A4BD96171FE8FB7B008E3112 /* Frameworks */,
			);
			sourceTree = "<group>";
		};
		A4BD95FF1FE8FB32008E3112 /* Products */ = {
			isa = PBXGroup;
			children = (
				A4BD95FE1FE8FB32008E3112 /* UIActivityViewController.app */,
			);
			name = Products;
			sourceTree = "<group>";
		};
		A4BD96001FE8FB32008E3112 /* UIActivityViewController */ = {
			isa = PBXGroup;
			children = (
				A4BD96011FE8FB32008E3112 /* AppDelegate.h */,
				A4BD96021FE8FB32008E3112 /* AppDelegate.m */,
				A4BD96041FE8FB32008E3112 /* ViewController.h */,
				A4BD96051FE8FB32008E3112 /* ViewController.m */,
				A4BD96201FE910D9008E3112 /* CustomActivity.h */,
				A4BD96211FE910D9008E3112 /* CustomActivity.m */,
				A4BD96071FE8FB32008E3112 /* Main.storyboard */,
				A4BD960A1FE8FB32008E3112 /* Assets.xcassets */,
				A4BD960C1FE8FB32008E3112 /* LaunchScreen.storyboard */,
				A4BD960F1FE8FB32008E3112 /* Info.plist */,
				A4BD96101FE8FB32008E3112 /* main.m */,
			);
			path = UIActivityViewController;
			sourceTree = "<group>";
		};
		A4BD96171FE8FB7B008E3112 /* Frameworks */ = {
			isa = PBXGroup;
			children = (
				A4BD96181FE8FB7C008E3112 /* Social.framework */,
			);
			name = Frameworks;
			sourceTree = "<group>";
		};
/* End PBXGroup section */

/* Begin PBXNativeTarget section */
		A4BD95FD1FE8FB32008E3112 /* UIActivityViewController */ = {
			isa = PBXNativeTarget;
			buildConfigurationList = A4BD96141FE8FB32008E3112 /* Build configuration list for PBXNativeTarget "UIActivityViewController" */;
			buildPhases = (
				A4BD95FA1FE8FB32008E3112 /* Sources */,
				A4BD95FB1FE8FB32008E3112 /* Frameworks */,
				A4BD95FC1FE8FB32008E3112 /* Resources */,
			);
			buildRules = (
			);
			dependencies = (
			);
			name = UIActivityViewController;
			productName = UIActivityViewController;
			productReference = A4BD95FE1FE8FB32008E3112 /* UIActivityViewController.app */;
			productType = "com.apple.product-type.application";
		};
/* End PBXNativeTarget section */

/* Begin PBXProject section */
		A4BD95F61FE8FB32008E3112 /* Project object */ = {
			isa = PBXProject;
			attributes = {
				LastUpgradeCheck = 0900;
				ORGANIZATIONNAME = JND;
				TargetAttributes = {
					A4BD95FD1FE8FB32008E3112 = {
						CreatedOnToolsVersion = 9.0.1;
						ProvisioningStyle = Automatic;
					};
				};
			};
			buildConfigurationList = A4BD95F91FE8FB32008E3112 /* Build configuration list for PBXProject "UIActivityViewController" */;
			compatibilityVersion = "Xcode 8.0";
			developmentRegion = en;
			hasScannedForEncodings = 0;
			knownRegions = (
				en,
				Base,
			);
			mainGroup = A4BD95F51FE8FB32008E3112;
			productRefGroup = A4BD95FF1FE8FB32008E3112 /* Products */;
			projectDirPath = "";
			projectRoot = "";
			targets = (
				A4BD95FD1FE8FB32008E3112 /* UIActivityViewController */,
			);
		};
/* End PBXProject section */

/* Begin PBXResourcesBuildPhase section */
		A4BD95FC1FE8FB32008E3112 /* Resources */ = {
			isa = PBXResourcesBuildPhase;
			buildActionMask = 2147483647;
			files = (
				A4BD960E1FE8FB32008E3112 /* LaunchScreen.storyboard in Resources */,
				A4BD960B1FE8FB32008E3112 /* Assets.xcassets in Resources */,
				A4BD96091FE8FB32008E3112 /* Main.storyboard in Resources */,
			);
			runOnlyForDeploymentPostprocessing = 0;
		};
/* End PBXResourcesBuildPhase section */

/* Begin PBXSourcesBuildPhase section */
		A4BD95FA1FE8FB32008E3112 /* Sources */ = {
			isa = PBXSourcesBuildPhase;
			buildActionMask = 2147483647;
			files = (
				A4BD96061FE8FB32008E3112 /* ViewController.m in Sources */,
				A4BD96111FE8FB32008E3112 /* main.m in Sources */,
				A4BD96031FE8FB32008E3112 /* AppDelegate.m in Sources */,
				A4BD96221FE910D9008E3112 /* CustomActivity.m in Sources */,
			);
			runOnlyForDeploymentPostprocessing = 0;
		};
/* End PBXSourcesBuildPhase section */

/* Begin PBXVariantGroup section */
		A4BD96071FE8FB32008E3112 /* Main.storyboard */ = {
			isa = PBXVariantGroup;
			children = (
				A4BD96081FE8FB32008E3112 /* Base */,
			);
			name = Main.storyboard;
			sourceTree = "<group>";
		};
		A4BD960C1FE8FB32008E3112 /* LaunchScreen.storyboard */ = {
			isa = PBXVariantGroup;
			children = (
				A4BD960D1FE8FB32008E3112 /* Base */,
			);
			name = LaunchScreen.storyboard;
			sourceTree = "<group>";
		};
/* End PBXVariantGroup section */

/* Begin XCBuildConfiguration section */
		A4BD96121FE8FB32008E3112 /* Debug */ = {
			isa = XCBuildConfiguration;
			buildSettings = {
				ALWAYS_SEARCH_USER_PATHS = NO;
				CLANG_ANALYZER_NONNULL = YES;
				CLANG_ANALYZER_NUMBER_OBJECT_CONVERSION = YES_AGGRESSIVE;
				CLANG_CXX_LANGUAGE_STANDARD = "gnu++14";
				CLANG_CXX_LIBRARY = "libc++";
				CLANG_ENABLE_MODULES = YES;
				CLANG_ENABLE_OBJC_ARC = YES;
				CLANG_WARN_BLOCK_CAPTURE_AUTORELEASING = YES;
				CLANG_WARN_BOOL_CONVERSION = YES;
				CLANG_WARN_COMMA = YES;
				CLANG_WARN_CONSTANT_CONVERSION = YES;
				CLANG_WARN_DIRECT_OBJC_ISA_USAGE = YES_ERROR;
				CLANG_WARN_DOCUMENTATION_COMMENTS = YES;
				CLANG_WARN_EMPTY_BODY = YES;
				CLANG_WARN_ENUM_CONVERSION = YES;
				CLANG_WARN_INFINITE_RECURSION = YES;
				CLANG_WARN_INT_CONVERSION = YES;
				CLANG_WARN_NON_LITERAL_NULL_CONVERSION = YES;
				CLANG_WARN_OBJC_LITERAL_CONVERSION = YES;
				CLANG_WARN_OBJC_ROOT_CLASS = YES_ERROR;
				CLANG_WARN_RANGE_LOOP_ANALYSIS = YES;
				CLANG_WARN_STRICT_PROTOTYPES = YES;
				CLANG_WARN_SUSPICIOUS_MOVE = YES;
				CLANG_WARN_UNGUARDED_AVAILABILITY = YES_AGGRESSIVE;
				CLANG_WARN_UNREACHABLE_CODE = YES;
				CLANG_WARN__DUPLICATE_METHOD_MATCH = YES;
				CODE_SIGN_IDENTITY = "iPhone Developer";
				COPY_PHASE_STRIP = NO;
				DEBUG_INFORMATION_FORMAT = dwarf;
				ENABLE_STRICT_OBJC_MSGSEND = YES;
				ENABLE_TESTABILITY = YES;
				GCC_C_LANGUAGE_STANDARD = gnu11;
				GCC_DYNAMIC_NO_PIC = NO;
				GCC_NO_COMMON_BLOCKS = YES;
				GCC_OPTIMIZATION_LEVEL = 0;
				GCC_PREPROCESSOR_DEFINITIONS = (
					"DEBUG=1",
					"$(inherited)",
				);
				GCC_WARN_64_TO_32_BIT_CONVERSION = YES;
				GCC_WARN_ABOUT_RETURN_TYPE = YES_ERROR;
				GCC_WARN_UNDECLARED_SELECTOR = YES;
				GCC_WARN_UNINITIALIZED_AUTOS = YES_AGGRESSIVE;
				GCC_WARN_UNUSED_FUNCTION = YES;
				GCC_WARN_UNUSED_VARIABLE = YES;
				IPHONEOS_DEPLOYMENT_TARGET = 11.0;
				MTL_ENABLE_DEBUG_INFO = YES;
				ONLY_ACTIVE_ARCH = YES;
				SDKROOT = iphoneos;
			};
			name = Debug;
		};
		A4BD96131FE8FB32008E3112 /* Release */ = {
			isa = XCBuildConfiguration;
			buildSettings = {
				ALWAYS_SEARCH_USER_PATHS = NO;
				CLANG_ANALYZER_NONNULL = YES;
				CLANG_ANALYZER_NUMBER_OBJECT_CONVERSION = YES_AGGRESSIVE;
				CLANG_CXX_LANGUAGE_STANDARD = "gnu++14";
				CLANG_CXX_LIBRARY = "libc++";
				CLANG_ENABLE_MODULES = YES;
				CLANG_ENABLE_OBJC_ARC = YES;
				CLANG_WARN_BLOCK_CAPTURE_AUTORELEASING = YES;
				CLANG_WARN_BOOL_CONVERSION = YES;
				CLANG_WARN_COMMA = YES;
				CLANG_WARN_CONSTANT_CONVERSION = YES;
				CLANG_WARN_DIRECT_OBJC_ISA_USAGE = YES_ERROR;
				CLANG_WARN_DOCUMENTATION_COMMENTS = YES;
				CLANG_WARN_EMPTY_BODY = YES;
				CLANG_WARN_ENUM_CONVERSION = YES;
				CLANG_WARN_INFINITE_RECURSION = YES;
				CLANG_WARN_INT_CONVERSION = YES;
				CLANG_WARN_NON_LITERAL_NULL_CONVERSION = YES;
				CLANG_WARN_OBJC_LITERAL_CONVERSION = YES;
				CLANG_WARN_OBJC_ROOT_CLASS = YES_ERROR;
				CLANG_WARN_RANGE_LOOP_ANALYSIS = YES;
				CLANG_WARN_STRICT_PROTOTYPES = YES;
				CLANG_WARN_SUSPICIOUS_MOVE = YES;
				CLANG_WARN_UNGUARDED_AVAILABILITY = YES_AGGRESSIVE;
				CLANG_WARN_UNREACHABLE_CODE = YES;
				CLANG_WARN__DUPLICATE_METHOD_MATCH = YES;
				CODE_SIGN_IDENTITY = "iPhone Developer";
				COPY_PHASE_STRIP = NO;
				DEBUG_INFORMATION_FORMAT = "dwarf-with-dsym";
				ENABLE_NS_ASSERTIONS = NO;
				ENABLE_STRICT_OBJC_MSGSEND = YES;
				GCC_C_LANGUAGE_STANDARD = gnu11;
				GCC_NO_COMMON_BLOCKS = YES;
				GCC_WARN_64_TO_32_BIT_CONVERSION = YES;
				GCC_WARN_ABOUT_RETURN_TYPE = YES_ERROR;
				GCC_WARN_UNDECLARED_SELECTOR = YES;
				GCC_WARN_UNINITIALIZED_AUTOS = YES_AGGRESSIVE;
				GCC_WARN_UNUSED_FUNCTION = YES;
				GCC_WARN_UNUSED_VARIABLE = YES;
				IPHONEOS_DEPLOYMENT_TARGET = 11.0;
				MTL_ENABLE_DEBUG_INFO = NO;
				SDKROOT = iphoneos;
				VALIDATE_PRODUCT = YES;
			};
			name = Release;
		};
		A4BD96151FE8FB32008E3112 /* Debug */ = {
			isa = XCBuildConfiguration;
			buildSettings = {
				ASSETCATALOG_COMPILER_APPICON_NAME = AppIcon;
				CODE_SIGN_STYLE = Automatic;
				DEVELOPMENT_TEAM = 6E6U2NCH59;
				INFOPLIST_FILE = UIActivityViewController/Info.plist;
				IPHONEOS_DEPLOYMENT_TARGET = 8.0;
				LD_RUNPATH_SEARCH_PATHS = "$(inherited) @executable_path/Frameworks";
				PRODUCT_BUNDLE_IDENTIFIER = com.yanglao.UIActivityViewController;
				PRODUCT_NAME = "$(TARGET_NAME)";
				TARGETED_DEVICE_FAMILY = "1,2";
			};
			name = Debug;
		};
		A4BD96161FE8FB32008E3112 /* Release */ = {
			isa = XCBuildConfiguration;
			buildSettings = {
				ASSETCATALOG_COMPILER_APPICON_NAME = AppIcon;
				CODE_SIGN_STYLE = Automatic;
				DEVELOPMENT_TEAM = 6E6U2NCH59;
				INFOPLIST_FILE = UIActivityViewController/Info.plist;
				IPHONEOS_DEPLOYMENT_TARGET = 8.0;
				LD_RUNPATH_SEARCH_PATHS = "$(inherited) @executable_path/Frameworks";
				PRODUCT_BUNDLE_IDENTIFIER = com.yanglao.UIActivityViewController;
				PRODUCT_NAME = "$(TARGET_NAME)";
				TARGETED_DEVICE_FAMILY = "1,2";
			};
			name = Release;
		};
/* End XCBuildConfiguration section */

/* Begin XCConfigurationList section */
		A4BD95F91FE8FB32008E3112 /* Build configuration list for PBXProject "UIActivityViewController" */ = {
			isa = XCConfigurationList;
			buildConfigurations = (
				A4BD96121FE8FB32008E3112 /* Debug */,
				A4BD96131FE8FB32008E3112 /* Release */,
			);
			defaultConfigurationIsVisible = 0;
			defaultConfigurationName = Release;
		};
		A4BD96141FE8FB32008E3112 /* Build configuration list for PBXNativeTarget "UIActivityViewController" */ = {
			isa = XCConfigurationList;
			buildConfigurations = (
				A4BD96151FE8FB32008E3112 /* Debug */,
				A4BD96161FE8FB32008E3112 /* Release */,
			);
			defaultConfigurationIsVisible = 0;
			defaultConfigurationName = Release;
		};
/* End XCConfigurationList section */
	};
	rootObject = A4BD95F61FE8FB32008E3112 /* Project object */;
}
